
Microsoft Visual Studio Solution File, Format Version 12.00
# Visual Studio 14
VisualStudioVersion = 14.0.25420.1
MinimumVisualStudioVersion = 10.0.40219.1
Project("{FAE04EC0-301F-11D3-BF4B-00C04F79EFBC}") = "Deadfile.Entity", "Deadfile.Entity\Deadfile.Entity.csproj", "{C43DA0CA-BD37-4109-A581-695B9080B74C}"
EndProject
Project("{FAE04EC0-301F-11D3-BF4B-00C04F79EFBC}") = "Deadfile.Model", "Deadfile.Model\Deadfile.Model.csproj", "{790F6F95-333F-4CD3-BB57-3E745A1C3224}"
EndProject
Project("{FAE04EC0-301F-11D3-BF4B-00C04F79EFBC}") = "Deadfile.Core", "Deadfile.Core\Deadfile.Core.csproj", "{0E3750D8-A06C-4B2B-B151-C687281D14BD}"
EndProject
Project("{FAE04EC0-301F-11D3-BF4B-00C04F79EFBC}") = "Deadfile.Model.Test", "Deadfile.Model.Test\Deadfile.Model.Test.csproj", "{2E3DF5C2-8A38-4A03-86D7-8D463C917E47}"
EndProject
Project("{FAE04EC0-301F-11D3-BF4B-00C04F79EFBC}") = "Deadfile.Infrastructure", "Deadfile.Infrastructure\Deadfile.Infrastructure.csproj", "{CD07D8AD-C1D6-4C0C-ACB5-AEFD73173387}"
EndProject
Project("{FAE04EC0-301F-11D3-BF4B-00C04F79EFBC}") = "Deadfile", "Deadfile\Deadfile.csproj", "{0B41E2EA-462F-45F7-BCB6-9ADDF256663D}"
EndProject
Project("{FAE04EC0-301F-11D3-BF4B-00C04F79EFBC}") = "Deadfile.Tab", "Deadfile.Tab\Deadfile.Tab.csproj", "{25D5D05C-A35D-4E53-96AC-F960EDADDA99}"
EndProject
Project("{FAE04EC0-301F-11D3-BF4B-00C04F79EFBC}") = "Deadfile.Infrastructure.Test", "Deadfile.Infrastructure.Test\Deadfile.Infrastructure.Test.csproj", "{391A4275-C80E-42FB-9AB1-01FBD3221581}"
EndProject
Project("{FAE04EC0-301F-11D3-BF4B-00C04F79EFBC}") = "Deadfile.Tab.Test", "Deadfile.Tab.Test\Deadfile.Tab.Test.csproj", "{AB5CB962-E2F7-4264-886B-06DDD81921C1}"
EndProject
Project("{FAE04EC0-301F-11D3-BF4B-00C04F79EFBC}") = "Deadfile.Pdf", "Deadfile.Pdf\Deadfile.Pdf.csproj", "{678021DE-2632-4EA3-BFE1-C837E1B60702}"
EndProject
Project("{F2A71F9B-5D33-465A-A702-920D77279786}") = "Deadfile.Importer", "Deadfile.Importer\Deadfile.Importer.fsproj", "{6C375885-803A-478A-9AD6-8E74E389D2E3}"
EndProject
Project("{6141683F-8A12-4E36-9623-2EB02B2C2303}") = "Deadfile.Installer", "Deadfile.Installer\Deadfile.Installer.isproj", "{BB18EC67-70C7-4F7C-96CB-03AAF66B312F}"
EndProject
Global
	GlobalSection(SolutionConfigurationPlatforms) = preSolution
		CD_ROM|Any CPU = CD_ROM|Any CPU
		Debug|Any CPU = Debug|Any CPU
		DVD-5|Any CPU = DVD-5|Any CPU
		Release|Any CPU = Release|Any CPU
		SingleImage|Any CPU = SingleImage|Any CPU
	EndGlobalSection
	GlobalSection(ProjectConfigurationPlatforms) = postSolution
		{C43DA0CA-BD37-4109-A581-695B9080B74C}.CD_ROM|Any CPU.ActiveCfg = Release|Any CPU
		{C43DA0CA-BD37-4109-A581-695B9080B74C}.CD_ROM|Any CPU.Build.0 = Release|Any CPU
		{C43DA0CA-BD37-4109-A581-695B9080B74C}.Debug|Any CPU.ActiveCfg = Debug|Any CPU
		{C43DA0CA-BD37-4109-A581-695B9080B74C}.Debug|Any CPU.Build.0 = Debug|Any CPU
		{C43DA0CA-BD37-4109-A581-695B9080B74C}.DVD-5|Any CPU.ActiveCfg = Debug|Any CPU
		{C43DA0CA-BD37-4109-A581-695B9080B74C}.DVD-5|Any CPU.Build.0 = Debug|Any CPU
		{C43DA0CA-BD37-4109-A581-695B9080B74C}.Release|Any CPU.ActiveCfg = Release|Any CPU
		{C43DA0CA-BD37-4109-A581-695B9080B74C}.Release|Any CPU.Build.0 = Release|Any CPU
		{C43DA0CA-BD37-4109-A581-695B9080B74C}.SingleImage|Any CPU.ActiveCfg = Release|Any CPU
		{C43DA0CA-BD37-4109-A581-695B9080B74C}.SingleImage|Any CPU.Build.0 = Release|Any CPU
		{790F6F95-333F-4CD3-BB57-3E745A1C3224}.CD_ROM|Any CPU.ActiveCfg = Release|Any CPU
		{790F6F95-333F-4CD3-BB57-3E745A1C3224}.CD_ROM|Any CPU.Build.0 = Release|Any CPU
		{790F6F95-333F-4CD3-BB57-3E745A1C3224}.Debug|Any CPU.ActiveCfg = Debug|Any CPU
		{790F6F95-333F-4CD3-BB57-3E745A1C3224}.Debug|Any CPU.Build.0 = Debug|Any CPU
		{790F6F95-333F-4CD3-BB57-3E745A1C3224}.DVD-5|Any CPU.ActiveCfg = Debug|Any CPU
		{790F6F95-333F-4CD3-BB57-3E745A1C3224}.DVD-5|Any CPU.Build.0 = Debug|Any CPU
		{790F6F95-333F-4CD3-BB57-3E745A1C3224}.Release|Any CPU.ActiveCfg = Release|Any CPU
		{790F6F95-333F-4CD3-BB57-3E745A1C3224}.Release|Any CPU.Build.0 = Release|Any CPU
		{790F6F95-333F-4CD3-BB57-3E745A1C3224}.SingleImage|Any CPU.ActiveCfg = Release|Any CPU
		{790F6F95-333F-4CD3-BB57-3E745A1C3224}.SingleImage|Any CPU.Build.0 = Release|Any CPU
		{0E3750D8-A06C-4B2B-B151-C687281D14BD}.CD_ROM|Any CPU.ActiveCfg = Release|Any CPU
		{0E3750D8-A06C-4B2B-B151-C687281D14BD}.CD_ROM|Any CPU.Build.0 = Release|Any CPU
		{0E3750D8-A06C-4B2B-B151-C687281D14BD}.Debug|Any CPU.ActiveCfg = Debug|Any CPU
		{0E3750D8-A06C-4B2B-B151-C687281D14BD}.Debug|Any CPU.Build.0 = Debug|Any CPU
		{0E3750D8-A06C-4B2B-B151-C687281D14BD}.DVD-5|Any CPU.ActiveCfg = Debug|Any CPU
		{0E3750D8-A06C-4B2B-B151-C687281D14BD}.DVD-5|Any CPU.Build.0 = Debug|Any CPU
		{0E3750D8-A06C-4B2B-B151-C687281D14BD}.Release|Any CPU.ActiveCfg = Release|Any CPU
		{0E3750D8-A06C-4B2B-B151-C687281D14BD}.Release|Any CPU.Build.0 = Release|Any CPU
		{0E3750D8-A06C-4B2B-B151-C687281D14BD}.SingleImage|Any CPU.ActiveCfg = Release|Any CPU
		{0E3750D8-A06C-4B2B-B151-C687281D14BD}.SingleImage|Any CPU.Build.0 = Release|Any CPU
		{2E3DF5C2-8A38-4A03-86D7-8D463C917E47}.CD_ROM|Any CPU.ActiveCfg = Release|Any CPU
		{2E3DF5C2-8A38-4A03-86D7-8D463C917E47}.CD_ROM|Any CPU.Build.0 = Release|Any CPU
		{2E3DF5C2-8A38-4A03-86D7-8D463C917E47}.Debug|Any CPU.ActiveCfg = Debug|Any CPU
		{2E3DF5C2-8A38-4A03-86D7-8D463C917E47}.Debug|Any CPU.Build.0 = Debug|Any CPU
		{2E3DF5C2-8A38-4A03-86D7-8D463C917E47}.DVD-5|Any CPU.ActiveCfg = Debug|Any CPU
		{2E3DF5C2-8A38-4A03-86D7-8D463C917E47}.DVD-5|Any CPU.Build.0 = Debug|Any CPU
		{2E3DF5C2-8A38-4A03-86D7-8D463C917E47}.Release|Any CPU.ActiveCfg = Release|Any CPU
		{2E3DF5C2-8A38-4A03-86D7-8D463C917E47}.Release|Any CPU.Build.0 = Release|Any CPU
		{2E3DF5C2-8A38-4A03-86D7-8D463C917E47}.SingleImage|Any CPU.ActiveCfg = Release|Any CPU
		{2E3DF5C2-8A38-4A03-86D7-8D463C917E47}.SingleImage|Any CPU.Build.0 = Release|Any CPU
		{CD07D8AD-C1D6-4C0C-ACB5-AEFD73173387}.CD_ROM|Any CPU.ActiveCfg = Release|Any CPU
		{CD07D8AD-C1D6-4C0C-ACB5-AEFD73173387}.CD_ROM|Any CPU.Build.0 = Release|Any CPU
		{CD07D8AD-C1D6-4C0C-ACB5-AEFD73173387}.Debug|Any CPU.ActiveCfg = Debug|Any CPU
		{CD07D8AD-C1D6-4C0C-ACB5-AEFD73173387}.Debug|Any CPU.Build.0 = Debug|Any CPU
		{CD07D8AD-C1D6-4C0C-ACB5-AEFD73173387}.DVD-5|Any CPU.ActiveCfg = Debug|Any CPU
		{CD07D8AD-C1D6-4C0C-ACB5-AEFD73173387}.DVD-5|Any CPU.Build.0 = Debug|Any CPU
		{CD07D8AD-C1D6-4C0C-ACB5-AEFD73173387}.Release|Any CPU.ActiveCfg = Release|Any CPU
		{CD07D8AD-C1D6-4C0C-ACB5-AEFD73173387}.Release|Any CPU.Build.0 = Release|Any CPU
		{CD07D8AD-C1D6-4C0C-ACB5-AEFD73173387}.SingleImage|Any CPU.ActiveCfg = Release|Any CPU
		{CD07D8AD-C1D6-4C0C-ACB5-AEFD73173387}.SingleImage|Any CPU.Build.0 = Release|Any CPU
		{0B41E2EA-462F-45F7-BCB6-9ADDF256663D}.CD_ROM|Any CPU.ActiveCfg = Release|Any CPU
		{0B41E2EA-462F-45F7-BCB6-9ADDF256663D}.CD_ROM|Any CPU.Build.0 = Release|Any CPU
		{0B41E2EA-462F-45F7-BCB6-9ADDF256663D}.Debug|Any CPU.ActiveCfg = Debug|Any CPU
		{0B41E2EA-462F-45F7-BCB6-9ADDF256663D}.Debug|Any CPU.Build.0 = Debug|Any CPU
		{0B41E2EA-462F-45F7-BCB6-9ADDF256663D}.DVD-5|Any CPU.ActiveCfg = Debug|Any CPU
		{0B41E2EA-462F-45F7-BCB6-9ADDF256663D}.DVD-5|Any CPU.Build.0 = Debug|Any CPU
		{0B41E2EA-462F-45F7-BCB6-9ADDF256663D}.Release|Any CPU.ActiveCfg = Release|Any CPU
		{0B41E2EA-462F-45F7-BCB6-9ADDF256663D}.Release|Any CPU.Build.0 = Release|Any CPU
		{0B41E2EA-462F-45F7-BCB6-9ADDF256663D}.SingleImage|Any CPU.ActiveCfg = Release|Any CPU
		{0B41E2EA-462F-45F7-BCB6-9ADDF256663D}.SingleImage|Any CPU.Build.0 = Release|Any CPU
		{25D5D05C-A35D-4E53-96AC-F960EDADDA99}.CD_ROM|Any CPU.ActiveCfg = Release|Any CPU
		{25D5D05C-A35D-4E53-96AC-F960EDADDA99}.CD_ROM|Any CPU.Build.0 = Release|Any CPU
		{25D5D05C-A35D-4E53-96AC-F960EDADDA99}.Debug|Any CPU.ActiveCfg = Debug|Any CPU
		{25D5D05C-A35D-4E53-96AC-F960EDADDA99}.Debug|Any CPU.Build.0 = Debug|Any CPU
		{25D5D05C-A35D-4E53-96AC-F960EDADDA99}.DVD-5|Any CPU.ActiveCfg = Debug|Any CPU
		{25D5D05C-A35D-4E53-96AC-F960EDADDA99}.DVD-5|Any CPU.Build.0 = Debug|Any CPU
		{25D5D05C-A35D-4E53-96AC-F960EDADDA99}.Release|Any CPU.ActiveCfg = Release|Any CPU
		{25D5D05C-A35D-4E53-96AC-F960EDADDA99}.Release|Any CPU.Build.0 = Release|Any CPU
		{25D5D05C-A35D-4E53-96AC-F960EDADDA99}.SingleImage|Any CPU.ActiveCfg = Release|Any CPU
		{25D5D05C-A35D-4E53-96AC-F960EDADDA99}.SingleImage|Any CPU.Build.0 = Release|Any CPU
		{391A4275-C80E-42FB-9AB1-01FBD3221581}.CD_ROM|Any CPU.ActiveCfg = Release|Any CPU
		{391A4275-C80E-42FB-9AB1-01FBD3221581}.CD_ROM|Any CPU.Build.0 = Release|Any CPU
		{391A4275-C80E-42FB-9AB1-01FBD3221581}.Debug|Any CPU.ActiveCfg = Debug|Any CPU
		{391A4275-C80E-42FB-9AB1-01FBD3221581}.Debug|Any CPU.Build.0 = Debug|Any CPU
		{391A4275-C80E-42FB-9AB1-01FBD3221581}.DVD-5|Any CPU.ActiveCfg = Debug|Any CPU
		{391A4275-C80E-42FB-9AB1-01FBD3221581}.DVD-5|Any CPU.Build.0 = Debug|Any CPU
		{391A4275-C80E-42FB-9AB1-01FBD3221581}.Release|Any CPU.ActiveCfg = Release|Any CPU
		{391A4275-C80E-42FB-9AB1-01FBD3221581}.Release|Any CPU.Build.0 = Release|Any CPU
		{391A4275-C80E-42FB-9AB1-01FBD3221581}.SingleImage|Any CPU.ActiveCfg = Release|Any CPU
		{391A4275-C80E-42FB-9AB1-01FBD3221581}.SingleImage|Any CPU.Build.0 = Release|Any CPU
		{AB5CB962-E2F7-4264-886B-06DDD81921C1}.CD_ROM|Any CPU.ActiveCfg = Release|Any CPU
		{AB5CB962-E2F7-4264-886B-06DDD81921C1}.CD_ROM|Any CPU.Build.0 = Release|Any CPU
		{AB5CB962-E2F7-4264-886B-06DDD81921C1}.Debug|Any CPU.ActiveCfg = Debug|Any CPU
		{AB5CB962-E2F7-4264-886B-06DDD81921C1}.Debug|Any CPU.Build.0 = Debug|Any CPU
		{AB5CB962-E2F7-4264-886B-06DDD81921C1}.DVD-5|Any CPU.ActiveCfg = Debug|Any CPU
		{AB5CB962-E2F7-4264-886B-06DDD81921C1}.DVD-5|Any CPU.Build.0 = Debug|Any CPU
		{AB5CB962-E2F7-4264-886B-06DDD81921C1}.Release|Any CPU.ActiveCfg = Release|Any CPU
		{AB5CB962-E2F7-4264-886B-06DDD81921C1}.Release|Any CPU.Build.0 = Release|Any CPU
		{AB5CB962-E2F7-4264-886B-06DDD81921C1}.SingleImage|Any CPU.ActiveCfg = Release|Any CPU
		{AB5CB962-E2F7-4264-886B-06DDD81921C1}.SingleImage|Any CPU.Build.0 = Release|Any CPU
		{678021DE-2632-4EA3-BFE1-C837E1B60702}.CD_ROM|Any CPU.ActiveCfg = Release|Any CPU
		{678021DE-2632-4EA3-BFE1-C837E1B60702}.CD_ROM|Any CPU.Build.0 = Release|Any CPU
		{678021DE-2632-4EA3-BFE1-C837E1B60702}.Debug|Any CPU.ActiveCfg = Debug|Any CPU
		{678021DE-2632-4EA3-BFE1-C837E1B60702}.Debug|Any CPU.Build.0 = Debug|Any CPU
		{678021DE-2632-4EA3-BFE1-C837E1B60702}.DVD-5|Any CPU.ActiveCfg = Debug|Any CPU
		{678021DE-2632-4EA3-BFE1-C837E1B60702}.DVD-5|Any CPU.Build.0 = Debug|Any CPU
		{678021DE-2632-4EA3-BFE1-C837E1B60702}.Release|Any CPU.ActiveCfg = Release|Any CPU
		{678021DE-2632-4EA3-BFE1-C837E1B60702}.Release|Any CPU.Build.0 = Release|Any CPU
		{678021DE-2632-4EA3-BFE1-C837E1B60702}.SingleImage|Any CPU.ActiveCfg = Release|Any CPU
		{678021DE-2632-4EA3-BFE1-C837E1B60702}.SingleImage|Any CPU.Build.0 = Release|Any CPU
		{6C375885-803A-478A-9AD6-8E74E389D2E3}.CD_ROM|Any CPU.ActiveCfg = Release|Any CPU
		{6C375885-803A-478A-9AD6-8E74E389D2E3}.CD_ROM|Any CPU.Build.0 = Release|Any CPU
		{6C375885-803A-478A-9AD6-8E74E389D2E3}.Debug|Any CPU.ActiveCfg = Debug|Any CPU
		{6C375885-803A-478A-9AD6-8E74E389D2E3}.Debug|Any CPU.Build.0 = Debug|Any CPU
		{6C375885-803A-478A-9AD6-8E74E389D2E3}.DVD-5|Any CPU.ActiveCfg = Debug|Any CPU
		{6C375885-803A-478A-9AD6-8E74E389D2E3}.DVD-5|Any CPU.Build.0 = Debug|Any CPU
		{6C375885-803A-478A-9AD6-8E74E389D2E3}.Release|Any CPU.ActiveCfg = Release|Any CPU
		{6C375885-803A-478A-9AD6-8E74E389D2E3}.Release|Any CPU.Build.0 = Release|Any CPU
		{6C375885-803A-478A-9AD6-8E74E389D2E3}.SingleImage|Any CPU.ActiveCfg = Release|Any CPU
		{6C375885-803A-478A-9AD6-8E74E389D2E3}.SingleImage|Any CPU.Build.0 = Release|Any CPU
		{BB18EC67-70C7-4F7C-96CB-03AAF66B312F}.CD_ROM|Any CPU.ActiveCfg = CD_ROM
		{BB18EC67-70C7-4F7C-96CB-03AAF66B312F}.CD_ROM|Any CPU.Build.0 = CD_ROM
		{BB18EC67-70C7-4F7C-96CB-03AAF66B312F}.Debug|Any CPU.ActiveCfg = DVD-5
		{BB18EC67-70C7-4F7C-96CB-03AAF66B312F}.Debug|Any CPU.Build.0 = DVD-5
		{BB18EC67-70C7-4F7C-96CB-03AAF66B312F}.DVD-5|Any CPU.ActiveCfg = DVD-5
		{BB18EC67-70C7-4F7C-96CB-03AAF66B312F}.DVD-5|Any CPU.Build.0 = DVD-5
		{BB18EC67-70C7-4F7C-96CB-03AAF66B312F}.Release|Any CPU.ActiveCfg = SingleImage
		{BB18EC67-70C7-4F7C-96CB-03AAF66B312F}.Release|Any CPU.Build.0 = SingleImage
		{BB18EC67-70C7-4F7C-96CB-03AAF66B312F}.SingleImage|Any CPU.ActiveCfg = SingleImage
		{BB18EC67-70C7-4F7C-96CB-03AAF66B312F}.SingleImage|Any CPU.Build.0 = SingleImage
	EndGlobalSection
	GlobalSection(SolutionProperties) = preSolution
		HideSolutionNode = FALSE
	EndGlobalSection
EndGlobal
