
Microsoft Visual Studio Solution File, Format Version 12.00
# Visual Studio 14
VisualStudioVersion = 14.0.25420.1
MinimumVisualStudioVersion = 10.0.40219.1
Project("{FAE04EC0-301F-11D3-BF4B-00C04F79EFBC}") = "Deadfile.Entity", "Deadfile.Entity\Deadfile.Entity.csproj", "{C43DA0CA-BD37-4109-A581-695B9080B74C}"
EndProject
Project("{FAE04EC0-301F-11D3-BF4B-00C04F79EFBC}") = "Deadfile.Model", "Deadfile.Model\Deadfile.Model.csproj", "{790F6F95-333F-4CD3-BB57-3E745A1C3224}"
EndProject
Project("{FAE04EC0-301F-11D3-BF4B-00C04F79EFBC}") = "Deadfile.Core", "Deadfile.Core\Deadfile.Core.csproj", "{0E3750D8-A06C-4B2B-B151-C687281D14BD}"
EndProject
Project("{FAE04EC0-301F-11D3-BF4B-00C04F79EFBC}") = "Deadfile.Model.Test", "Deadfile.Model.Test\Deadfile.Model.Test.csproj", "{2E3DF5C2-8A38-4A03-86D7-8D463C917E47}"
EndProject
Project("{FAE04EC0-301F-11D3-BF4B-00C04F79EFBC}") = "Deadfile.Infrastructure", "Deadfile.Infrastructure\Deadfile.Infrastructure.csproj", "{CD07D8AD-C1D6-4C0C-ACB5-AEFD73173387}"
EndProject
Project("{FAE04EC0-301F-11D3-BF4B-00C04F79EFBC}") = "Deadfile", "Deadfile\Deadfile.csproj", "{0B41E2EA-462F-45F7-BCB6-9ADDF256663D}"
EndProject
Project("{FAE04EC0-301F-11D3-BF4B-00C04F79EFBC}") = "Deadfile.Tab", "Deadfile.Tab\Deadfile.Tab.csproj", "{25D5D05C-A35D-4E53-96AC-F960EDADDA99}"
EndProject
Project("{FAE04EC0-301F-11D3-BF4B-00C04F79EFBC}") = "Deadfile.Infrastructure.Test", "Deadfile.Infrastructure.Test\Deadfile.Infrastructure.Test.csproj", "{391A4275-C80E-42FB-9AB1-01FBD3221581}"
EndProject
Project("{FAE04EC0-301F-11D3-BF4B-00C04F79EFBC}") = "Deadfile.Tab.Test", "Deadfile.Tab.Test\Deadfile.Tab.Test.csproj", "{AB5CB962-E2F7-4264-886B-06DDD81921C1}"
EndProject
Project("{FAE04EC0-301F-11D3-BF4B-00C04F79EFBC}") = "Deadfile.Pdf", "Deadfile.Pdf\Deadfile.Pdf.csproj", "{678021DE-2632-4EA3-BFE1-C837E1B60702}"
EndProject
Global
	GlobalSection(SolutionConfigurationPlatforms) = preSolution
		Debug|Any CPU = Debug|Any CPU
		Release|Any CPU = Release|Any CPU
	EndGlobalSection
	GlobalSection(ProjectConfigurationPlatforms) = postSolution
		{C43DA0CA-BD37-4109-A581-695B9080B74C}.Debug|Any CPU.ActiveCfg = Debug|Any CPU
		{C43DA0CA-BD37-4109-A581-695B9080B74C}.Debug|Any CPU.Build.0 = Debug|Any CPU
		{C43DA0CA-BD37-4109-A581-695B9080B74C}.Release|Any CPU.ActiveCfg = Release|Any CPU
		{C43DA0CA-BD37-4109-A581-695B9080B74C}.Release|Any CPU.Build.0 = Release|Any CPU
		{790F6F95-333F-4CD3-BB57-3E745A1C3224}.Debug|Any CPU.ActiveCfg = Debug|Any CPU
		{790F6F95-333F-4CD3-BB57-3E745A1C3224}.Debug|Any CPU.Build.0 = Debug|Any CPU
		{790F6F95-333F-4CD3-BB57-3E745A1C3224}.Release|Any CPU.ActiveCfg = Release|Any CPU
		{790F6F95-333F-4CD3-BB57-3E745A1C3224}.Release|Any CPU.Build.0 = Release|Any CPU
		{0E3750D8-A06C-4B2B-B151-C687281D14BD}.Debug|Any CPU.ActiveCfg = Debug|Any CPU
		{0E3750D8-A06C-4B2B-B151-C687281D14BD}.Debug|Any CPU.Build.0 = Debug|Any CPU
		{0E3750D8-A06C-4B2B-B151-C687281D14BD}.Release|Any CPU.ActiveCfg = Release|Any CPU
		{0E3750D8-A06C-4B2B-B151-C687281D14BD}.Release|Any CPU.Build.0 = Release|Any CPU
		{2E3DF5C2-8A38-4A03-86D7-8D463C917E47}.Debug|Any CPU.ActiveCfg = Debug|Any CPU
		{2E3DF5C2-8A38-4A03-86D7-8D463C917E47}.Debug|Any CPU.Build.0 = Debug|Any CPU
		{2E3DF5C2-8A38-4A03-86D7-8D463C917E47}.Release|Any CPU.ActiveCfg = Release|Any CPU
		{2E3DF5C2-8A38-4A03-86D7-8D463C917E47}.Release|Any CPU.Build.0 = Release|Any CPU
		{CD07D8AD-C1D6-4C0C-ACB5-AEFD73173387}.Debug|Any CPU.ActiveCfg = Debug|Any CPU
		{CD07D8AD-C1D6-4C0C-ACB5-AEFD73173387}.Debug|Any CPU.Build.0 = Debug|Any CPU
		{CD07D8AD-C1D6-4C0C-ACB5-AEFD73173387}.Release|Any CPU.ActiveCfg = Release|Any CPU
		{CD07D8AD-C1D6-4C0C-ACB5-AEFD73173387}.Release|Any CPU.Build.0 = Release|Any CPU
		{0B41E2EA-462F-45F7-BCB6-9ADDF256663D}.Debug|Any CPU.ActiveCfg = Debug|Any CPU
		{0B41E2EA-462F-45F7-BCB6-9ADDF256663D}.Debug|Any CPU.Build.0 = Debug|Any CPU
		{0B41E2EA-462F-45F7-BCB6-9ADDF256663D}.Release|Any CPU.ActiveCfg = Release|Any CPU
		{0B41E2EA-462F-45F7-BCB6-9ADDF256663D}.Release|Any CPU.Build.0 = Release|Any CPU
		{25D5D05C-A35D-4E53-96AC-F960EDADDA99}.Debug|Any CPU.ActiveCfg = Debug|Any CPU
		{25D5D05C-A35D-4E53-96AC-F960EDADDA99}.Debug|Any CPU.Build.0 = Debug|Any CPU
		{25D5D05C-A35D-4E53-96AC-F960EDADDA99}.Release|Any CPU.ActiveCfg = Release|Any CPU
		{25D5D05C-A35D-4E53-96AC-F960EDADDA99}.Release|Any CPU.Build.0 = Release|Any CPU
		{391A4275-C80E-42FB-9AB1-01FBD3221581}.Debug|Any CPU.ActiveCfg = Debug|Any CPU
		{391A4275-C80E-42FB-9AB1-01FBD3221581}.Debug|Any CPU.Build.0 = Debug|Any CPU
		{391A4275-C80E-42FB-9AB1-01FBD3221581}.Release|Any CPU.ActiveCfg = Release|Any CPU
		{391A4275-C80E-42FB-9AB1-01FBD3221581}.Release|Any CPU.Build.0 = Release|Any CPU
		{AB5CB962-E2F7-4264-886B-06DDD81921C1}.Debug|Any CPU.ActiveCfg = Debug|Any CPU
		{AB5CB962-E2F7-4264-886B-06DDD81921C1}.Debug|Any CPU.Build.0 = Debug|Any CPU
		{AB5CB962-E2F7-4264-886B-06DDD81921C1}.Release|Any CPU.ActiveCfg = Release|Any CPU
		{AB5CB962-E2F7-4264-886B-06DDD81921C1}.Release|Any CPU.Build.0 = Release|Any CPU
		{678021DE-2632-4EA3-BFE1-C837E1B60702}.Debug|Any CPU.ActiveCfg = Debug|Any CPU
		{678021DE-2632-4EA3-BFE1-C837E1B60702}.Debug|Any CPU.Build.0 = Debug|Any CPU
		{678021DE-2632-4EA3-BFE1-C837E1B60702}.Release|Any CPU.ActiveCfg = Release|Any CPU
		{678021DE-2632-4EA3-BFE1-C837E1B60702}.Release|Any CPU.Build.0 = Release|Any CPU
	EndGlobalSection
	GlobalSection(SolutionProperties) = preSolution
		HideSolutionNode = FALSE
	EndGlobalSection
EndGlobal
